
Microsoft Visual Studio Solution File, Format Version 12.00
# Visual Studio Version 17
VisualStudioVersion = 17.8.34309.116
MinimumVisualStudioVersion = 10.0.40219.1
Project("{FAE04EC0-301F-11D3-BF4B-00C04F79EFBC}") = "WebApiTask1", "WebApiTask1\WebApiTask1.csproj", "{2E192003-018F-474F-B56C-3F77DD2CC546}"
EndProject
Global
	GlobalSection(SolutionConfigurationPlatforms) = preSolution
		Debug|Any CPU = Debug|Any CPU
		Release|Any CPU = Release|Any CPU
	EndGlobalSection
	GlobalSection(ProjectConfigurationPlatforms) = postSolution
		{2E192003-018F-474F-B56C-3F77DD2CC546}.Debug|Any CPU.ActiveCfg = Debug|Any CPU
		{2E192003-018F-474F-B56C-3F77DD2CC546}.Debug|Any CPU.Build.0 = Debug|Any CPU
		{2E192003-018F-474F-B56C-3F77DD2CC546}.Release|Any CPU.ActiveCfg = Release|Any CPU
		{2E192003-018F-474F-B56C-3F77DD2CC546}.Release|Any CPU.Build.0 = Release|Any CPU
	EndGlobalSection
	GlobalSection(SolutionProperties) = preSolution
		HideSolutionNode = FALSE
	EndGlobalSection
	GlobalSection(ExtensibilityGlobals) = postSolution
		SolutionGuid = {D88FD007-1F89-480D-9804-E1C9136ACB33}
	EndGlobalSection
EndGlobal
